
Microsoft Visual Studio Solution File, Format Version 12.00
# Visual Studio Version 16
VisualStudioVersion = 16.0.29306.81
MinimumVisualStudioVersion = 10.0.40219.1
Project("{9A19103F-16F7-4668-BE54-9A1E7A4F7556}") = "Bloops.Api", "Bloops.Api\Bloops.Api.csproj", "{9DAD7141-384F-4510-9ED0-9D905C451E13}"
EndProject
Project("{9A19103F-16F7-4668-BE54-9A1E7A4F7556}") = "Bloops.Shared", "Bloops.Shared\Bloops.Shared.csproj", "{AE3F78F2-7873-47FC-A802-D97EDDDFDBEB}"
EndProject
Global
	GlobalSection(SolutionConfigurationPlatforms) = preSolution
		Debug|Any CPU = Debug|Any CPU
		Release|Any CPU = Release|Any CPU
	EndGlobalSection
	GlobalSection(ProjectConfigurationPlatforms) = postSolution
		{9DAD7141-384F-4510-9ED0-9D905C451E13}.Debug|Any CPU.ActiveCfg = Debug|Any CPU
		{9DAD7141-384F-4510-9ED0-9D905C451E13}.Debug|Any CPU.Build.0 = Debug|Any CPU
		{9DAD7141-384F-4510-9ED0-9D905C451E13}.Release|Any CPU.ActiveCfg = Release|Any CPU
		{9DAD7141-384F-4510-9ED0-9D905C451E13}.Release|Any CPU.Build.0 = Release|Any CPU
		{AE3F78F2-7873-47FC-A802-D97EDDDFDBEB}.Debug|Any CPU.ActiveCfg = Debug|Any CPU
		{AE3F78F2-7873-47FC-A802-D97EDDDFDBEB}.Debug|Any CPU.Build.0 = Debug|Any CPU
		{AE3F78F2-7873-47FC-A802-D97EDDDFDBEB}.Release|Any CPU.ActiveCfg = Release|Any CPU
		{AE3F78F2-7873-47FC-A802-D97EDDDFDBEB}.Release|Any CPU.Build.0 = Release|Any CPU
	EndGlobalSection
	GlobalSection(SolutionProperties) = preSolution
		HideSolutionNode = FALSE
	EndGlobalSection
	GlobalSection(ExtensibilityGlobals) = postSolution
		SolutionGuid = {75B18613-6E02-4CCA-A6FE-2AD33F753603}
	EndGlobalSection
EndGlobal
